lockfileVersion: '9.0'

settings:
  autoInstallPeers: true
  excludeLinksFromLockfile: false

importers:

  .:
    dependencies:
      '@asteres/signature':
        specifier: ^0.1.4
        version: 0.1.4(ph-utils@0.16.4)
    devDependencies:
      oxlint:
        specifier: ^1.24.0
        version: 1.24.0
      typescript:
        specifier: ^4.2.4
        version: 4.9.5

packages:

  '@asteres/signature@0.1.4':
    resolution: {integrity: sha512-eDHOAvdJJDunLswxpBskq4lb2kmPv1fyvG298/HdLa9RAMnymdxmj7kcZlKNafg3T7IIuGkE/pXR2Wvb/4T6ZA==}
    peerDependencies:
      ph-utils: '>=0.15.0'

  '@oxlint/darwin-arm64@1.24.0':
    resolution: {integrity: sha512-1Kd2+Ai1ttskhbJR+DNU4Y4YEDyP/cd50nWt2rAe2aE78dMOalaVGps3s8UnJkXpDL9ZqkgOHVDE5Doj2lxatw==}
    cpu: [arm64]
    os: [darwin]

  '@oxlint/darwin-x64@1.24.0':
    resolution: {integrity: sha512-/R9VbnuTp7bLIBh6ucDHjx0po0wLQODLqzy+L/Frn5z4ifMVdE63DB+LHO8QAj+WEQleQq3u/MMms7RFPulCLA==}
    cpu: [x64]
    os: [darwin]

  '@oxlint/linux-arm64-gnu@1.24.0':
    resolution: {integrity: sha512-fA90bIQ1b44eNg0uULlTonqsADVIBnMz169mav6IhfZL9V6DpBCUWrV+8tEQCxbDvYC0WY1guBpPo2QWUnC/Dw==}
    cpu: [arm64]
    os: [linux]
    libc: [glibc]

  '@oxlint/linux-arm64-musl@1.24.0':
    resolution: {integrity: sha512-p7Bv9FTQ1lf4Z7OiIFwiy+cY2fxN6IJc0+2gJ4z2fpaQ0J2rQQcKdJ5RLQTxf+tAu7hyqjc6bf61EAGa9lb/GA==}
    cpu: [arm64]
    os: [linux]
    libc: [musl]

  '@oxlint/linux-x64-gnu@1.24.0':
    resolution: {integrity: sha512-wIQOpTONiJ9pYPnLEq7UFuml8mpmSFTfUveNbT2rw9iXfj2nLMf7NIqGnUYQdvnnOi+maag9uei/WImXIm9LQQ==}
    cpu: [x64]
    os: [linux]
    libc: [glibc]

  '@oxlint/linux-x64-musl@1.24.0':
    resolution: {integrity: sha512-HxcDX/SpTH7yC/Rn2MinjSHZmNpn79yJkBid792DWjP9bo0CnlNXOXMPXsbm+WqptvqQ9yUPCxf7KascUvxLyQ==}
    cpu: [x64]
    os: [linux]
    libc: [musl]

  '@oxlint/win32-arm64@1.24.0':
    resolution: {integrity: sha512-P1KtZ/xL+TcNTTmOtEsVrpqAdmpu2UCRAILjoqQyrYvI/CW6SdvoJfMBTntKOZaB52Peq2BHTgsYovON8q4FfQ==}
    cpu: [arm64]
    os: [win32]

  '@oxlint/win32-x64@1.24.0':
    resolution: {integrity: sha512-JMbMm7i1esFl12fRdOQwoeEeufWXxihOme8pZpI6jrwWK1kCIANMb5agI5Lkjf5vToQOP3DLXYc29aDm16fw6g==}
    cpu: [x64]
    os: [win32]

  oxlint@1.24.0:
    resolution: {integrity: sha512-swXlnHT7ywcCApkctIbgOSjDYHwMa12yMU0iXevfDuHlYkRUcbQrUv6nhM5v6B0+Be3zTBMNDGPAMQv0oznzRQ==}
    engines: {node: ^20.19.0 || >=22.12.0}
    hasBin: true
    peerDependencies:
      oxlint-tsgolint: '>=0.2.0'
    peerDependenciesMeta:
      oxlint-tsgolint:
        optional: true

  ph-utils@0.16.4:
    resolution: {integrity: sha512-O4trVKjQn57VWFzdSvKOzu/HwGuXELD9Dkmmx2Pon6EULrAkCB7J4uiU0KV6pyGLxdToFzDxyGj35lZt8zsdNg==}

  typescript@4.9.5:
    resolution: {integrity: sha512-1FXk9E2Hm+QzZQ7z+McJiHL4NW1F2EzMu9Nq9i3zAaGqibafqYwCVU6WyWAuyQRRzOlxou8xZSyXLEN8oKj24g==}
    engines: {node: '>=4.2.0'}
    hasBin: true

snapshots:

  '@asteres/signature@0.1.4(ph-utils@0.16.4)':
    dependencies:
      ph-utils: 0.16.4

  '@oxlint/darwin-arm64@1.24.0':
    optional: true

  '@oxlint/darwin-x64@1.24.0':
    optional: true

  '@oxlint/linux-arm64-gnu@1.24.0':
    optional: true

  '@oxlint/linux-arm64-musl@1.24.0':
    optional: true

  '@oxlint/linux-x64-gnu@1.24.0':
    optional: true

  '@oxlint/linux-x64-musl@1.24.0':
    optional: true

  '@oxlint/win32-arm64@1.24.0':
    optional: true

  '@oxlint/win32-x64@1.24.0':
    optional: true

  oxlint@1.24.0:
    optionalDependencies:
      '@oxlint/darwin-arm64': 1.24.0
      '@oxlint/darwin-x64': 1.24.0
      '@oxlint/linux-arm64-gnu': 1.24.0
      '@oxlint/linux-arm64-musl': 1.24.0
      '@oxlint/linux-x64-gnu': 1.24.0
      '@oxlint/linux-x64-musl': 1.24.0
      '@oxlint/win32-arm64': 1.24.0
      '@oxlint/win32-x64': 1.24.0

  ph-utils@0.16.4: {}

  typescript@4.9.5: {}
