lockfileVersion: '9.0'

settings:
  autoInstallPeers: true
  excludeLinksFromLockfile: false

importers:

  .:
    dependencies:
      '@asteres/signature':
        specifier: ^0.2.1
        version: 0.2.1(ph-utils@0.16.4)
    devDependencies:
      '@types/node':
        specifier: ^25.5.0
        version: 25.5.0
      oxfmt:
        specifier: ^0.42.0
        version: 0.42.0
      oxlint:
        specifier: ^1.57.0
        version: 1.57.0
      typescript:
        specifier: ^6.0.2
        version: 6.0.2

packages:

  '@asteres/signature@0.2.1':
    resolution: {integrity: sha512-iGgn481hQbZxCAH2uKAneFcCsoHXHEho/5so8TGkvazkcyibjzS8fXFXkzH8X+DrQOpv4qjuZkSY4o2aauBgFg==}
    peerDependencies:
      ph-utils: '>=0.15.0'

  '@oxfmt/binding-android-arm-eabi@0.42.0':
    resolution: {integrity: sha512-dsqPTYsozeokRjlrt/b4E7Pj0z3eS3Eg74TWQuuKbjY4VttBmA88rB7d50Xrd+TZ986qdXCNeZRPEzZHAe+jow==}
    engines: {node: ^20.19.0 || >=22.12.0}
    cpu: [arm]
    os: [android]

  '@oxfmt/binding-android-arm64@0.42.0':
    resolution: {integrity: sha512-t+aAjHxcr5eOBphFHdg1ouQU9qmZZoRxnX7UOJSaTwSoKsb6TYezNKO0YbWytGXCECObRqNcUxPoPr0KaraAIg==}
    engines: {node: ^20.19.0 || >=22.12.0}
    cpu: [arm64]
    os: [android]

  '@oxfmt/binding-darwin-arm64@0.42.0':
    resolution: {integrity: sha512-ulpSEYMKg61C5bRMZinFHrKJYRoKGVbvMEXA5zM1puX3O9T6Q4XXDbft20yrDijpYWeuG59z3Nabt+npeTsM1A==}
    engines: {node: ^20.19.0 || >=22.12.0}
    cpu: [arm64]
    os: [darwin]

  '@oxfmt/binding-darwin-x64@0.42.0':
    resolution: {integrity: sha512-ttxLKhQYPdFiM8I/Ri37cvqChE4Xa562nNOsZFcv1CKTVLeEozXjKuYClNvxkXmNlcF55nzM80P+CQkdFBu+uQ==}
    engines: {node: ^20.19.0 || >=22.12.0}
    cpu: [x64]
    os: [darwin]

  '@oxfmt/binding-freebsd-x64@0.42.0':
    resolution: {integrity: sha512-Og7QS3yI3tdIKYZ58SXik0rADxIk2jmd+/YvuHRyKULWpG4V2fR5V4hvKm624Mc0cQET35waPXiCQWvjQEjwYQ==}
    engines: {node: ^20.19.0 || >=22.12.0}
    cpu: [x64]
    os: [freebsd]

  '@oxfmt/binding-linux-arm-gnueabihf@0.42.0':
    resolution: {integrity: sha512-jwLOw/3CW4H6Vxcry4/buQHk7zm9Ne2YsidzTL1kpiMe4qqrRCwev3dkyWe2YkFmP+iZCQ7zku4KwjcLRoh8ew==}
    engines: {node: ^20.19.0 || >=22.12.0}
    cpu: [arm]
    os: [linux]

  '@oxfmt/binding-linux-arm-musleabihf@0.42.0':
    resolution: {integrity: sha512-XwXu2vkMtiq2h7tfvN+WA/9/5/1IoGAVCFPiiQUvcAuG3efR97KNcRGM8BetmbYouFotQ2bDal3yyjUx6IPsTg==}
    engines: {node: ^20.19.0 || >=22.12.0}
    cpu: [arm]
    os: [linux]

  '@oxfmt/binding-linux-arm64-gnu@0.42.0':
    resolution: {integrity: sha512-ea7s/XUJoT7ENAtUQDudFe3nkSM3e3Qpz4nJFRdzO2wbgXEcjnchKLEsV3+t4ev3r8nWxIYr9NRjPWtnyIFJVA==}
    engines: {node: ^20.19.0 || >=22.12.0}
    cpu: [arm64]
    os: [linux]
    libc: [glibc]

  '@oxfmt/binding-linux-arm64-musl@0.42.0':
    resolution: {integrity: sha512-+JA0YMlSdDqmacygGi2REp57c3fN+tzARD8nwsukx9pkCHK+6DkbAA9ojS4lNKsiBjIW8WWa0pBrBWhdZEqfuw==}
    engines: {node: ^20.19.0 || >=22.12.0}
    cpu: [arm64]
    os: [linux]
    libc: [musl]

  '@oxfmt/binding-linux-ppc64-gnu@0.42.0':
    resolution: {integrity: sha512-VfnET0j4Y5mdfCzh5gBt0NK28lgn5DKx+8WgSMLYYeSooHhohdbzwAStLki9pNuGy51y4I7IoW8bqwAaCMiJQg==}
    engines: {node: ^20.19.0 || >=22.12.0}
    cpu: [ppc64]
    os: [linux]
    libc: [glibc]

  '@oxfmt/binding-linux-riscv64-gnu@0.42.0':
    resolution: {integrity: sha512-gVlCbmBkB0fxBWbhBj9rcxezPydsQHf4MFKeHoTSPicOQ+8oGeTQgQ8EeesSybWeiFPVRx3bgdt4IJnH6nOjAA==}
    engines: {node: ^20.19.0 || >=22.12.0}
    cpu: [riscv64]
    os: [linux]
    libc: [glibc]

  '@oxfmt/binding-linux-riscv64-musl@0.42.0':
    resolution: {integrity: sha512-zN5OfstL0avgt/IgvRu0zjQzVh/EPkcLzs33E9LMAzpqlLWiPWeMDZyMGFlSRGOdDjuNmlZBCgj0pFnK5u32TQ==}
    engines: {node: ^20.19.0 || >=22.12.0}
    cpu: [riscv64]
    os: [linux]
    libc: [musl]

  '@oxfmt/binding-linux-s390x-gnu@0.42.0':
    resolution: {integrity: sha512-9X6+H2L0qMc2sCAgO9HS03bkGLMKvOFjmEdchaFlany3vNZOjnVui//D8k/xZAtQv2vaCs1reD5KAgPoIU4msA==}
    engines: {node: ^20.19.0 || >=22.12.0}
    cpu: [s390x]
    os: [linux]
    libc: [glibc]

  '@oxfmt/binding-linux-x64-gnu@0.42.0':
    resolution: {integrity: sha512-BajxJ6KQvMMdpXGPWhBGyjb2Jvx4uec0w+wi6TJZ6Tv7+MzPwe0pO8g5h1U0jyFgoaF7mDl6yKPW3ykWcbUJRw==}
    engines: {node: ^20.19.0 || >=22.12.0}
    cpu: [x64]
    os: [linux]
    libc: [glibc]

  '@oxfmt/binding-linux-x64-musl@0.42.0':
    resolution: {integrity: sha512-0wV284I6vc5f0AqAhgAbHU2935B4bVpncPoe5n/WzVZY/KnHgqxC8iSFGeSyLWEgstFboIcWkOPck7tqbdHkzA==}
    engines: {node: ^20.19.0 || >=22.12.0}
    cpu: [x64]
    os: [linux]
    libc: [musl]

  '@oxfmt/binding-openharmony-arm64@0.42.0':
    resolution: {integrity: sha512-p4BG6HpGnhfgHk1rzZfyR6zcWkE7iLrWxyehHfXUy4Qa5j3e0roglFOdP/Nj5cJJ58MA3isQ5dlfkW2nNEpolw==}
    engines: {node: ^20.19.0 || >=22.12.0}
    cpu: [arm64]
    os: [openharmony]

  '@oxfmt/binding-win32-arm64-msvc@0.42.0':
    resolution: {integrity: sha512-mn//WV60A+IetORDxYieYGAoQso4KnVRRjORDewMcod4irlRe0OSC7YPhhwaexYNPQz/GCFk+v9iUcZ2W22yxQ==}
    engines: {node: ^20.19.0 || >=22.12.0}
    cpu: [arm64]
    os: [win32]

  '@oxfmt/binding-win32-ia32-msvc@0.42.0':
    resolution: {integrity: sha512-3gWltUrvuz4LPJXWivoAxZ28Of2O4N7OGuM5/X3ubPXCEV8hmgECLZzjz7UYvSDUS3grfdccQwmjynm+51EFpw==}
    engines: {node: ^20.19.0 || >=22.12.0}
    cpu: [ia32]
    os: [win32]

  '@oxfmt/binding-win32-x64-msvc@0.42.0':
    resolution: {integrity: sha512-Wg4TMAfQRL9J9AZevJ/ZNy3uyyDztDYQtGr4P8UyyzIhLhFrdSmz1J/9JT+rv0fiCDLaFOBQnj3f3K3+a5PzDQ==}
    engines: {node: ^20.19.0 || >=22.12.0}
    cpu: [x64]
    os: [win32]

  '@oxlint/binding-android-arm-eabi@1.57.0':
    resolution: {integrity: sha512-C7EiyfAJG4B70496eV543nKiq5cH0o/xIh/ufbjQz3SIvHhlDDsyn+mRFh+aW8KskTyUpyH2LGWL8p2oN6bl1A==}
    engines: {node: ^20.19.0 || >=22.12.0}
    cpu: [arm]
    os: [android]

  '@oxlint/binding-android-arm64@1.57.0':
    resolution: {integrity: sha512-9i80AresjZ/FZf5xK8tKFbhQnijD4s1eOZw6/FHUwD59HEZbVLRc2C88ADYJfLZrF5XofWDiRX/Ja9KefCLy7w==}
    engines: {node: ^20.19.0 || >=22.12.0}
    cpu: [arm64]
    os: [android]

  '@oxlint/binding-darwin-arm64@1.57.0':
    resolution: {integrity: sha512-0eUfhRz5L2yKa9I8k3qpyl37XK3oBS5BvrgdVIx599WZK63P8sMbg+0s4IuxmIiZuBK68Ek+Z+gcKgeYf0otsg==}
    engines: {node: ^20.19.0 || >=22.12.0}
    cpu: [arm64]
    os: [darwin]

  '@oxlint/binding-darwin-x64@1.57.0':
    resolution: {integrity: sha512-UvrSuzBaYOue+QMAcuDITe0k/Vhj6KZGjfnI6x+NkxBTke/VoM7ZisaxgNY0LWuBkTnd1OmeQfEQdQ48fRjkQg==}
    engines: {node: ^20.19.0 || >=22.12.0}
    cpu: [x64]
    os: [darwin]

  '@oxlint/binding-freebsd-x64@1.57.0':
    resolution: {integrity: sha512-wtQq0dCoiw4bUwlsNVDJJ3pxJA218fOezpgtLKrbQqUtQJcM9yP8z+I9fu14aHg0uyAxIY+99toL6uBa2r7nxA==}
    engines: {node: ^20.19.0 || >=22.12.0}
    cpu: [x64]
    os: [freebsd]

  '@oxlint/binding-linux-arm-gnueabihf@1.57.0':
    resolution: {integrity: sha512-qxFWl2BBBFcT4djKa+OtMdnLgoHEJXpqjyGwz8OhW35ImoCwR5qtAGqApNYce5260FQqoAHW8S8eZTjiX67Tsg==}
    engines: {node: ^20.19.0 || >=22.12.0}
    cpu: [arm]
    os: [linux]

  '@oxlint/binding-linux-arm-musleabihf@1.57.0':
    resolution: {integrity: sha512-SQoIsBU7J0bDW15/f0/RvxHfY3Y0+eB/caKBQtNFbuerTiA6JCYx9P1MrrFTwY2dTm/lMgTSgskvCEYk2AtG/Q==}
    engines: {node: ^20.19.0 || >=22.12.0}
    cpu: [arm]
    os: [linux]

  '@oxlint/binding-linux-arm64-gnu@1.57.0':
    resolution: {integrity: sha512-jqxYd1W6WMeozsCmqe9Rzbu3SRrGTyGDAipRlRggetyYbUksJqJKvUNTQtZR/KFoJPb+grnSm5SHhdWrywv3RQ==}
    engines: {node: ^20.19.0 || >=22.12.0}
    cpu: [arm64]
    os: [linux]
    libc: [glibc]

  '@oxlint/binding-linux-arm64-musl@1.57.0':
    resolution: {integrity: sha512-i66WyEPVEvq9bxRUCJ/MP5EBfnTDN3nhwEdFZFTO5MmLLvzngfWEG3NSdXQzTT3vk5B9i6C2XSIYBh+aG6uqyg==}
    engines: {node: ^20.19.0 || >=22.12.0}
    cpu: [arm64]
    os: [linux]
    libc: [musl]

  '@oxlint/binding-linux-ppc64-gnu@1.57.0':
    resolution: {integrity: sha512-oMZDCwz4NobclZU3pH+V1/upVlJZiZvne4jQP+zhJwt+lmio4XXr4qG47CehvrW1Lx2YZiIHuxM2D4YpkG3KVA==}
    engines: {node: ^20.19.0 || >=22.12.0}
    cpu: [ppc64]
    os: [linux]
    libc: [glibc]

  '@oxlint/binding-linux-riscv64-gnu@1.57.0':
    resolution: {integrity: sha512-uoBnjJ3MMEBbfnWC1jSFr7/nSCkcQYa72NYoNtLl1imshDnWSolYCjzb8LVCwYCCfLJXD+0gBLD7fyC14c0+0g==}
    engines: {node: ^20.19.0 || >=22.12.0}
    cpu: [riscv64]
    os: [linux]
    libc: [glibc]

  '@oxlint/binding-linux-riscv64-musl@1.57.0':
    resolution: {integrity: sha512-BdrwD7haPZ8a9KrZhKJRSj6jwCor+Z8tHFZ3PT89Y3Jq5v3LfMfEePeAmD0LOTWpiTmzSzdmyw9ijneapiVHKQ==}
    engines: {node: ^20.19.0 || >=22.12.0}
    cpu: [riscv64]
    os: [linux]
    libc: [musl]

  '@oxlint/binding-linux-s390x-gnu@1.57.0':
    resolution: {integrity: sha512-BNs+7ZNsRstVg2tpNxAXfMX/Iv5oZh204dVyb8Z37+/gCh+yZqNTlg6YwCLIMPSk5wLWIGOaQjT0GUOahKYImw==}
    engines: {node: ^20.19.0 || >=22.12.0}
    cpu: [s390x]
    os: [linux]
    libc: [glibc]

  '@oxlint/binding-linux-x64-gnu@1.57.0':
    resolution: {integrity: sha512-AghS18w+XcENcAX0+BQGLiqjpqpaxKJa4cWWP0OWNLacs27vHBxu7TYkv9LUSGe5w8lOJHeMxcYfZNOAPqw2bg==}
    engines: {node: ^20.19.0 || >=22.12.0}
    cpu: [x64]
    os: [linux]
    libc: [glibc]

  '@oxlint/binding-linux-x64-musl@1.57.0':
    resolution: {integrity: sha512-E/FV3GB8phu/Rpkhz5T96hAiJlGzn91qX5yj5gU754P5cmVGXY1Jw/VSjDSlZBCY3VHjsVLdzgdkJaomEmcNOg==}
    engines: {node: ^20.19.0 || >=22.12.0}
    cpu: [x64]
    os: [linux]
    libc: [musl]

  '@oxlint/binding-openharmony-arm64@1.57.0':
    resolution: {integrity: sha512-xvZ2yZt0nUVfU14iuGv3V25jpr9pov5N0Wr28RXnHFxHCRxNDMtYPHV61gGLhN9IlXM96gI4pyYpLSJC5ClLCQ==}
    engines: {node: ^20.19.0 || >=22.12.0}
    cpu: [arm64]
    os: [openharmony]

  '@oxlint/binding-win32-arm64-msvc@1.57.0':
    resolution: {integrity: sha512-Z4D8Pd0AyHBKeazhdIXeUUy5sIS3Mo0veOlzlDECg6PhRRKgEsBJCCV1n+keUZtQ04OP+i7+itS3kOykUyNhDg==}
    engines: {node: ^20.19.0 || >=22.12.0}
    cpu: [arm64]
    os: [win32]

  '@oxlint/binding-win32-ia32-msvc@1.57.0':
    resolution: {integrity: sha512-StOZ9nFMVKvevicbQfql6Pouu9pgbeQnu60Fvhz2S6yfMaii+wnueLnqQ5I1JPgNF0Syew4voBlAaHD13wH6tw==}
    engines: {node: ^20.19.0 || >=22.12.0}
    cpu: [ia32]
    os: [win32]

  '@oxlint/binding-win32-x64-msvc@1.57.0':
    resolution: {integrity: sha512-6PuxhYgth8TuW0+ABPOIkGdBYw+qYGxgIdXPHSVpiCDm+hqTTWCmC739St1Xni0DJBt8HnSHTG67i1y6gr8qrA==}
    engines: {node: ^20.19.0 || >=22.12.0}
    cpu: [x64]
    os: [win32]

  '@types/node@25.5.0':
    resolution: {integrity: sha512-jp2P3tQMSxWugkCUKLRPVUpGaL5MVFwF8RDuSRztfwgN1wmqJeMSbKlnEtQqU8UrhTmzEmZdu2I6v2dpp7XIxw==}

  oxfmt@0.42.0:
    resolution: {integrity: sha512-QhejGErLSMReNuZ6vxgFHDyGoPbjTRNi6uGHjy0cvIjOQFqD6xmr/T+3L41ixR3NIgzcNiJ6ylQKpvShTgDfqg==}
    engines: {node: ^20.19.0 || >=22.12.0}
    hasBin: true

  oxlint@1.57.0:
    resolution: {integrity: sha512-DGFsuBX5MFZX9yiDdtKjTrYPq45CZ8Fft6qCltJITYZxfwYjVdGf/6wycGYTACloauwIPxUnYhBVeZbHvleGhw==}
    engines: {node: ^20.19.0 || >=22.12.0}
    hasBin: true
    peerDependencies:
      oxlint-tsgolint: '>=0.15.0'
    peerDependenciesMeta:
      oxlint-tsgolint:
        optional: true

  ph-utils@0.16.4:
    resolution: {integrity: sha512-O4trVKjQn57VWFzdSvKOzu/HwGuXELD9Dkmmx2Pon6EULrAkCB7J4uiU0KV6pyGLxdToFzDxyGj35lZt8zsdNg==}

  tinypool@2.1.0:
    resolution: {integrity: sha512-Pugqs6M0m7Lv1I7FtxN4aoyToKg1C4tu+/381vH35y8oENM/Ai7f7C4StcoK4/+BSw9ebcS8jRiVrORFKCALLw==}
    engines: {node: ^20.0.0 || >=22.0.0}

  typescript@6.0.2:
    resolution: {integrity: sha512-bGdAIrZ0wiGDo5l8c++HWtbaNCWTS4UTv7RaTH/ThVIgjkveJt83m74bBHMJkuCbslY8ixgLBVZJIOiQlQTjfQ==}
    engines: {node: '>=14.17'}
    hasBin: true

  undici-types@7.18.2:
    resolution: {integrity: sha512-AsuCzffGHJybSaRrmr5eHr81mwJU3kjw6M+uprWvCXiNeN9SOGwQ3Jn8jb8m3Z6izVgknn1R0FTCEAP2QrLY/w==}

snapshots:

  '@asteres/signature@0.2.1(ph-utils@0.16.4)':
    dependencies:
      ph-utils: 0.16.4

  '@oxfmt/binding-android-arm-eabi@0.42.0':
    optional: true

  '@oxfmt/binding-android-arm64@0.42.0':
    optional: true

  '@oxfmt/binding-darwin-arm64@0.42.0':
    optional: true

  '@oxfmt/binding-darwin-x64@0.42.0':
    optional: true

  '@oxfmt/binding-freebsd-x64@0.42.0':
    optional: true

  '@oxfmt/binding-linux-arm-gnueabihf@0.42.0':
    optional: true

  '@oxfmt/binding-linux-arm-musleabihf@0.42.0':
    optional: true

  '@oxfmt/binding-linux-arm64-gnu@0.42.0':
    optional: true

  '@oxfmt/binding-linux-arm64-musl@0.42.0':
    optional: true

  '@oxfmt/binding-linux-ppc64-gnu@0.42.0':
    optional: true

  '@oxfmt/binding-linux-riscv64-gnu@0.42.0':
    optional: true

  '@oxfmt/binding-linux-riscv64-musl@0.42.0':
    optional: true

  '@oxfmt/binding-linux-s390x-gnu@0.42.0':
    optional: true

  '@oxfmt/binding-linux-x64-gnu@0.42.0':
    optional: true

  '@oxfmt/binding-linux-x64-musl@0.42.0':
    optional: true

  '@oxfmt/binding-openharmony-arm64@0.42.0':
    optional: true

  '@oxfmt/binding-win32-arm64-msvc@0.42.0':
    optional: true

  '@oxfmt/binding-win32-ia32-msvc@0.42.0':
    optional: true

  '@oxfmt/binding-win32-x64-msvc@0.42.0':
    optional: true

  '@oxlint/binding-android-arm-eabi@1.57.0':
    optional: true

  '@oxlint/binding-android-arm64@1.57.0':
    optional: true

  '@oxlint/binding-darwin-arm64@1.57.0':
    optional: true

  '@oxlint/binding-darwin-x64@1.57.0':
    optional: true

  '@oxlint/binding-freebsd-x64@1.57.0':
    optional: true

  '@oxlint/binding-linux-arm-gnueabihf@1.57.0':
    optional: true

  '@oxlint/binding-linux-arm-musleabihf@1.57.0':
    optional: true

  '@oxlint/binding-linux-arm64-gnu@1.57.0':
    optional: true

  '@oxlint/binding-linux-arm64-musl@1.57.0':
    optional: true

  '@oxlint/binding-linux-ppc64-gnu@1.57.0':
    optional: true

  '@oxlint/binding-linux-riscv64-gnu@1.57.0':
    optional: true

  '@oxlint/binding-linux-riscv64-musl@1.57.0':
    optional: true

  '@oxlint/binding-linux-s390x-gnu@1.57.0':
    optional: true

  '@oxlint/binding-linux-x64-gnu@1.57.0':
    optional: true

  '@oxlint/binding-linux-x64-musl@1.57.0':
    optional: true

  '@oxlint/binding-openharmony-arm64@1.57.0':
    optional: true

  '@oxlint/binding-win32-arm64-msvc@1.57.0':
    optional: true

  '@oxlint/binding-win32-ia32-msvc@1.57.0':
    optional: true

  '@oxlint/binding-win32-x64-msvc@1.57.0':
    optional: true

  '@types/node@25.5.0':
    dependencies:
      undici-types: 7.18.2

  oxfmt@0.42.0:
    dependencies:
      tinypool: 2.1.0
    optionalDependencies:
      '@oxfmt/binding-android-arm-eabi': 0.42.0
      '@oxfmt/binding-android-arm64': 0.42.0
      '@oxfmt/binding-darwin-arm64': 0.42.0
      '@oxfmt/binding-darwin-x64': 0.42.0
      '@oxfmt/binding-freebsd-x64': 0.42.0
      '@oxfmt/binding-linux-arm-gnueabihf': 0.42.0
      '@oxfmt/binding-linux-arm-musleabihf': 0.42.0
      '@oxfmt/binding-linux-arm64-gnu': 0.42.0
      '@oxfmt/binding-linux-arm64-musl': 0.42.0
      '@oxfmt/binding-linux-ppc64-gnu': 0.42.0
      '@oxfmt/binding-linux-riscv64-gnu': 0.42.0
      '@oxfmt/binding-linux-riscv64-musl': 0.42.0
      '@oxfmt/binding-linux-s390x-gnu': 0.42.0
      '@oxfmt/binding-linux-x64-gnu': 0.42.0
      '@oxfmt/binding-linux-x64-musl': 0.42.0
      '@oxfmt/binding-openharmony-arm64': 0.42.0
      '@oxfmt/binding-win32-arm64-msvc': 0.42.0
      '@oxfmt/binding-win32-ia32-msvc': 0.42.0
      '@oxfmt/binding-win32-x64-msvc': 0.42.0

  oxlint@1.57.0:
    optionalDependencies:
      '@oxlint/binding-android-arm-eabi': 1.57.0
      '@oxlint/binding-android-arm64': 1.57.0
      '@oxlint/binding-darwin-arm64': 1.57.0
      '@oxlint/binding-darwin-x64': 1.57.0
      '@oxlint/binding-freebsd-x64': 1.57.0
      '@oxlint/binding-linux-arm-gnueabihf': 1.57.0
      '@oxlint/binding-linux-arm-musleabihf': 1.57.0
      '@oxlint/binding-linux-arm64-gnu': 1.57.0
      '@oxlint/binding-linux-arm64-musl': 1.57.0
      '@oxlint/binding-linux-ppc64-gnu': 1.57.0
      '@oxlint/binding-linux-riscv64-gnu': 1.57.0
      '@oxlint/binding-linux-riscv64-musl': 1.57.0
      '@oxlint/binding-linux-s390x-gnu': 1.57.0
      '@oxlint/binding-linux-x64-gnu': 1.57.0
      '@oxlint/binding-linux-x64-musl': 1.57.0
      '@oxlint/binding-openharmony-arm64': 1.57.0
      '@oxlint/binding-win32-arm64-msvc': 1.57.0
      '@oxlint/binding-win32-ia32-msvc': 1.57.0
      '@oxlint/binding-win32-x64-msvc': 1.57.0

  ph-utils@0.16.4: {}

  tinypool@2.1.0: {}

  typescript@6.0.2: {}

  undici-types@7.18.2: {}
